// !$*UTF8*$!
{
	archiveVersion = 1;
	classes = {
	};
	objectVersion = 56;
	objects = {

/* Begin PBXBuildFile section */
		FF3A53BF2979A477002A11FC /* SwiftUICleanArchitectureApp.swift in Sources */ = {isa = PBXBuildFile; fileRef = FF3A53BE2979A477002A11FC /* SwiftUICleanArchitectureApp.swift */; };
		FF3A53C12979A477002A11FC /* ContentView.swift in Sources */ = {isa = PBXBuildFile; fileRef = FF3A53C02979A477002A11FC /* ContentView.swift */; };
		FF3A53C32979A479002A11FC /* Assets.xcassets in Resources */ = {isa = PBXBuildFile; fileRef = FF3A53C22979A479002A11FC /* Assets.xcassets */; };
		FF3A53C72979A479002A11FC /* Preview Assets.xcassets in Resources */ = {isa = PBXBuildFile; fileRef = FF3A53C62979A479002A11FC /* Preview Assets.xcassets */; };
		FF3A53D12979A479002A11FC /* SwiftUICleanArchitectureTests.swift in Sources */ = {isa = PBXBuildFile; fileRef = FF3A53D02979A479002A11FC /* SwiftUICleanArchitectureTests.swift */; };
		FF3A53DB2979A479002A11FC /* SwiftUICleanArchitectureUITests.swift in Sources */ = {isa = PBXBuildFile; fileRef = FF3A53DA2979A479002A11FC /* SwiftUICleanArchitectureUITests.swift */; };
		FF3A53DD2979A479002A11FC /* SwiftUICleanArchitectureUITestsLaunchTests.swift in Sources */ = {isa = PBXBuildFile; fileRef = FF3A53DC2979A479002A11FC /* SwiftUICleanArchitectureUITestsLaunchTests.swift */; };
/* End PBXBuildFile section */

/* Begin PBXContainerItemProxy section */
		FF3A53CD2979A479002A11FC /* PBXContainerItemProxy */ = {
			isa = PBXContainerItemProxy;
			containerPortal = FF3A53B32979A477002A11FC /* Project object */;
			proxyType = 1;
			remoteGlobalIDString = FF3A53BA2979A477002A11FC;
			remoteInfo = SwiftUICleanArchitecture;
		};
		FF3A53D72979A479002A11FC /* PBXContainerItemProxy */ = {
			isa = PBXContainerItemProxy;
			containerPortal = FF3A53B32979A477002A11FC /* Project object */;
			proxyType = 1;
			remoteGlobalIDString = FF3A53BA2979A477002A11FC;
			remoteInfo = SwiftUICleanArchitecture;
		};
/* End PBXContainerItemProxy section */

/* Begin PBXFileReference section */
		FF3A53BB2979A477002A11FC /* SwiftUICleanArchitecture.app */ = {isa = PBXFileReference; explicitFileType = wrapper.application; includeInIndex = 0; path = SwiftUICleanArchitecture.app; sourceTree = BUILT_PRODUCTS_DIR; };
		FF3A53BE2979A477002A11FC /* SwiftUICleanArchitectureApp.swift */ = {isa = PBXFileReference; lastKnownFileType = sourcecode.swift; path = SwiftUICleanArchitectureApp.swift; sourceTree = "<group>"; };
		FF3A53C02979A477002A11FC /* ContentView.swift */ = {isa = PBXFileReference; lastKnownFileType = sourcecode.swift; path = ContentView.swift; sourceTree = "<group>"; };
		FF3A53C22979A479002A11FC /* Assets.xcassets */ = {isa = PBXFileReference; lastKnownFileType = folder.assetcatalog; path = Assets.xcassets; sourceTree = "<group>"; };
		FF3A53C42979A479002A11FC /* SwiftUICleanArchitecture.entitlements */ = {isa = PBXFileReference; lastKnownFileType = text.plist.entitlements; path = SwiftUICleanArchitecture.entitlements; sourceTree = "<group>"; };
		FF3A53C62979A479002A11FC /* Preview Assets.xcassets */ = {isa = PBXFileReference; lastKnownFileType = folder.assetcatalog; path = "Preview Assets.xcassets"; sourceTree = "<group>"; };
		FF3A53CC2979A479002A11FC /* SwiftUICleanArchitectureTests.xctest */ = {isa = PBXFileReference; explicitFileType = wrapper.cfbundle; includeInIndex = 0; path = SwiftUICleanArchitectureTests.xctest; sourceTree = BUILT_PRODUCTS_DIR; };
		FF3A53D02979A479002A11FC /* SwiftUICleanArchitectureTests.swift */ = {isa = PBXFileReference; lastKnownFileType = sourcecode.swift; path = SwiftUICleanArchitectureTests.swift; sourceTree = "<group>"; };
		FF3A53D62979A479002A11FC /* SwiftUICleanArchitectureUITests.xctest */ = {isa = PBXFileReference; explicitFileType = wrapper.cfbundle; includeInIndex = 0; path = SwiftUICleanArchitectureUITests.xctest; sourceTree = BUILT_PRODUCTS_DIR; };
		FF3A53DA2979A479002A11FC /* SwiftUICleanArchitectureUITests.swift */ = {isa = PBXFileReference; lastKnownFileType = sourcecode.swift; path = SwiftUICleanArchitectureUITests.swift; sourceTree = "<group>"; };
		FF3A53DC2979A479002A11FC /* SwiftUICleanArchitectureUITestsLaunchTests.swift */ = {isa = PBXFileReference; lastKnownFileType = sourcecode.swift; path = SwiftUICleanArchitectureUITestsLaunchTests.swift; sourceTree = "<group>"; };
/* End PBXFileReference section */

/* Begin PBXFrameworksBuildPhase section */
		FF3A53B82979A477002A11FC /* Frameworks */ = {
			isa = PBXFrameworksBuildPhase;
			buildActionMask = 2147483647;
			files = (
			);
			runOnlyForDeploymentPostprocessing = 0;
		};
		FF3A53C92979A479002A11FC /* Frameworks */ = {
			isa = PBXFrameworksBuildPhase;
			buildActionMask = 2147483647;
			files = (
			);
			runOnlyForDeploymentPostprocessing = 0;
		};
		FF3A53D32979A479002A11FC /* Frameworks */ = {
			isa = PBXFrameworksBuildPhase;
			buildActionMask = 2147483647;
			files = (
			);
			runOnlyForDeploymentPostprocessing = 0;
		};
/* End PBXFrameworksBuildPhase section */

/* Begin PBXGroup section */
		FF3A53B22979A477002A11FC = {
			isa = PBXGroup;
			children = (
				FF3A53BD2979A477002A11FC /* SwiftUICleanArchitecture */,
				FF3A53CF2979A479002A11FC /* SwiftUICleanArchitectureTests */,
				FF3A53D92979A479002A11FC /* SwiftUICleanArchitectureUITests */,
				FF3A53BC2979A477002A11FC /* Products */,
			);
			sourceTree = "<group>";
		};
		FF3A53BC2979A477002A11FC /* Products */ = {
			isa = PBXGroup;
			children = (
				FF3A53BB2979A477002A11FC /* SwiftUICleanArchitecture.app */,
				FF3A53CC2979A479002A11FC /* SwiftUICleanArchitectureTests.xctest */,
				FF3A53D62979A479002A11FC /* SwiftUICleanArchitectureUITests.xctest */,
			);
			name = Products;
			sourceTree = "<group>";
		};
		FF3A53BD2979A477002A11FC /* SwiftUICleanArchitecture */ = {
			isa = PBXGroup;
			children = (
				FF3A53BE2979A477002A11FC /* SwiftUICleanArchitectureApp.swift */,
				FF3A53C02979A477002A11FC /* ContentView.swift */,
				FF3A53C22979A479002A11FC /* Assets.xcassets */,
				FF3A53C42979A479002A11FC /* SwiftUICleanArchitecture.entitlements */,
				FF3A53C52979A479002A11FC /* Preview Content */,
			);
			path = SwiftUICleanArchitecture;
			sourceTree = "<group>";
		};
		FF3A53C52979A479002A11FC /* Preview Content */ = {
			isa = PBXGroup;
			children = (
				FF3A53C62979A479002A11FC /* Preview Assets.xcassets */,
			);
			path = "Preview Content";
			sourceTree = "<group>";
		};
		FF3A53CF2979A479002A11FC /* SwiftUICleanArchitectureTests */ = {
			isa = PBXGroup;
			children = (
				FF3A53D02979A479002A11FC /* SwiftUICleanArchitectureTests.swift */,
			);
			path = SwiftUICleanArchitectureTests;
			sourceTree = "<group>";
		};
		FF3A53D92979A479002A11FC /* SwiftUICleanArchitectureUITests */ = {
			isa = PBXGroup;
			children = (
				FF3A53DA2979A479002A11FC /* SwiftUICleanArchitectureUITests.swift */,
				FF3A53DC2979A479002A11FC /* SwiftUICleanArchitectureUITestsLaunchTests.swift */,
			);
			path = SwiftUICleanArchitectureUITests;
			sourceTree = "<group>";
		};
/* End PBXGroup section */

/* Begin PBXNativeTarget section */
		FF3A53BA2979A477002A11FC /* SwiftUICleanArchitecture */ = {
			isa = PBXNativeTarget;
			buildConfigurationList = FF3A53E02979A479002A11FC /* Build configuration list for PBXNativeTarget "SwiftUICleanArchitecture" */;
			buildPhases = (
				FF3A53B72979A477002A11FC /* Sources */,
				FF3A53B82979A477002A11FC /* Frameworks */,
				FF3A53B92979A477002A11FC /* Resources */,
			);
			buildRules = (
			);
			dependencies = (
			);
			name = SwiftUICleanArchitecture;
			productName = SwiftUICleanArchitecture;
			productReference = FF3A53BB2979A477002A11FC /* SwiftUICleanArchitecture.app */;
			productType = "com.apple.product-type.application";
		};
		FF3A53CB2979A479002A11FC /* SwiftUICleanArchitectureTests */ = {
			isa = PBXNativeTarget;
			buildConfigurationList = FF3A53E32979A479002A11FC /* Build configuration list for PBXNativeTarget "SwiftUICleanArchitectureTests" */;
			buildPhases = (
				FF3A53C82979A479002A11FC /* Sources */,
				FF3A53C92979A479002A11FC /* Frameworks */,
				FF3A53CA2979A479002A11FC /* Resources */,
			);
			buildRules = (
			);
			dependencies = (
				FF3A53CE2979A479002A11FC /* PBXTargetDependency */,
			);
			name = SwiftUICleanArchitectureTests;
			productName = SwiftUICleanArchitectureTests;
			productReference = FF3A53CC2979A479002A11FC /* SwiftUICleanArchitectureTests.xctest */;
			productType = "com.apple.product-type.bundle.unit-test";
		};
		FF3A53D52979A479002A11FC /* SwiftUICleanArchitectureUITests */ = {
			isa = PBXNativeTarget;
			buildConfigurationList = FF3A53E62979A479002A11FC /* Build configuration list for PBXNativeTarget "SwiftUICleanArchitectureUITests" */;
			buildPhases = (
				FF3A53D22979A479002A11FC /* Sources */,
				FF3A53D32979A479002A11FC /* Frameworks */,
				FF3A53D42979A479002A11FC /* Resources */,
			);
			buildRules = (
			);
			dependencies = (
				FF3A53D82979A479002A11FC /* PBXTargetDependency */,
			);
			name = SwiftUICleanArchitectureUITests;
			productName = SwiftUICleanArchitectureUITests;
			productReference = FF3A53D62979A479002A11FC /* SwiftUICleanArchitectureUITests.xctest */;
			productType = "com.apple.product-type.bundle.ui-testing";
		};
/* End PBXNativeTarget section */

/* Begin PBXProject section */
		FF3A53B32979A477002A11FC /* Project object */ = {
			isa = PBXProject;
			attributes = {
				BuildIndependentTargetsInParallel = 1;
				LastSwiftUpdateCheck = 1400;
				LastUpgradeCheck = 1400;
				TargetAttributes = {
					FF3A53BA2979A477002A11FC = {
						CreatedOnToolsVersion = 14.0.1;
					};
					FF3A53CB2979A479002A11FC = {
						CreatedOnToolsVersion = 14.0.1;
						TestTargetID = FF3A53BA2979A477002A11FC;
					};
					FF3A53D52979A479002A11FC = {
						CreatedOnToolsVersion = 14.0.1;
						TestTargetID = FF3A53BA2979A477002A11FC;
					};
				};
			};
			buildConfigurationList = FF3A53B62979A477002A11FC /* Build configuration list for PBXProject "SwiftUICleanArchitecture" */;
			compatibilityVersion = "Xcode 14.0";
			developmentRegion = en;
			hasScannedForEncodings = 0;
			knownRegions = (
				en,
				Base,
			);
			mainGroup = FF3A53B22979A477002A11FC;
			productRefGroup = FF3A53BC2979A477002A11FC /* Products */;
			projectDirPath = "";
			projectRoot = "";
			targets = (
				FF3A53BA2979A477002A11FC /* SwiftUICleanArchitecture */,
				FF3A53CB2979A479002A11FC /* SwiftUICleanArchitectureTests */,
				FF3A53D52979A479002A11FC /* SwiftUICleanArchitectureUITests */,
			);
		};
/* End PBXProject section */

/* Begin PBXResourcesBuildPhase section */
		FF3A53B92979A477002A11FC /* Resources */ = {
			isa = PBXResourcesBuildPhase;
			buildActionMask = 2147483647;
			files = (
				FF3A53C72979A479002A11FC /* Preview Assets.xcassets in Resources */,
				FF3A53C32979A479002A11FC /* Assets.xcassets in Resources */,
			);
			runOnlyForDeploymentPostprocessing = 0;
		};
		FF3A53CA2979A479002A11FC /* Resources */ = {
			isa = PBXResourcesBuildPhase;
			buildActionMask = 2147483647;
			files = (
			);
			runOnlyForDeploymentPostprocessing = 0;
		};
		FF3A53D42979A479002A11FC /* Resources */ = {
			isa = PBXResourcesBuildPhase;
			buildActionMask = 2147483647;
			files = (
			);
			runOnlyForDeploymentPostprocessing = 0;
		};
/* End PBXResourcesBuildPhase section */

/* Begin PBXSourcesBuildPhase section */
		FF3A53B72979A477002A11FC /* Sources */ = {
			isa = PBXSourcesBuildPhase;
			buildActionMask = 2147483647;
			files = (
				FF3A53C12979A477002A11FC /* ContentView.swift in Sources */,
				FF3A53BF2979A477002A11FC /* SwiftUICleanArchitectureApp.swift in Sources */,
			);
			runOnlyForDeploymentPostprocessing = 0;
		};
		FF3A53C82979A479002A11FC /* Sources */ = {
			isa = PBXSourcesBuildPhase;
			buildActionMask = 2147483647;
			files = (
				FF3A53D12979A479002A11FC /* SwiftUICleanArchitectureTests.swift in Sources */,
			);
			runOnlyForDeploymentPostprocessing = 0;
		};
		FF3A53D22979A479002A11FC /* Sources */ = {
			isa = PBXSourcesBuildPhase;
			buildActionMask = 2147483647;
			files = (
				FF3A53DB2979A479002A11FC /* SwiftUICleanArchitectureUITests.swift in Sources */,
				FF3A53DD2979A479002A11FC /* SwiftUICleanArchitectureUITestsLaunchTests.swift in Sources */,
			);
			runOnlyForDeploymentPostprocessing = 0;
		};
/* End PBXSourcesBuildPhase section */

/* Begin PBXTargetDependency section */
		FF3A53CE2979A479002A11FC /* PBXTargetDependency */ = {
			isa = PBXTargetDependency;
			target = FF3A53BA2979A477002A11FC /* SwiftUICleanArchitecture */;
			targetProxy = FF3A53CD2979A479002A11FC /* PBXContainerItemProxy */;
		};
		FF3A53D82979A479002A11FC /* PBXTargetDependency */ = {
			isa = PBXTargetDependency;
			target = FF3A53BA2979A477002A11FC /* SwiftUICleanArchitecture */;
			targetProxy = FF3A53D72979A479002A11FC /* PBXContainerItemProxy */;
		};
/* End PBXTargetDependency section */

/* Begin XCBuildConfiguration section */
		FF3A53DE2979A479002A11FC /* Debug */ = {
			isa = XCBuildConfiguration;
			buildSettings = {
				ALWAYS_SEARCH_USER_PATHS = NO;
				CLANG_ANALYZER_NONNULL = YES;
				CLANG_ANALYZER_NUMBER_OBJECT_CONVERSION = YES_AGGRESSIVE;
				CLANG_CXX_LANGUAGE_STANDARD = "gnu++20";
				CLANG_ENABLE_MODULES = YES;
				CLANG_ENABLE_OBJC_ARC = YES;
				CLANG_ENABLE_OBJC_WEAK = YES;
				CLANG_WARN_BLOCK_CAPTURE_AUTORELEASING = YES;
				CLANG_WARN_BOOL_CONVERSION = YES;
				CLANG_WARN_COMMA = YES;
				CLANG_WARN_CONSTANT_CONVERSION = YES;
				CLANG_WARN_DEPRECATED_OBJC_IMPLEMENTATIONS = YES;
				CLANG_WARN_DIRECT_OBJC_ISA_USAGE = YES_ERROR;
				CLANG_WARN_DOCUMENTATION_COMMENTS = YES;
				CLANG_WARN_EMPTY_BODY = YES;
				CLANG_WARN_ENUM_CONVERSION = YES;
				CLANG_WARN_INFINITE_RECURSION = YES;
				CLANG_WARN_INT_CONVERSION = YES;
				CLANG_WARN_NON_LITERAL_NULL_CONVERSION = YES;
				CLANG_WARN_OBJC_IMPLICIT_RETAIN_SELF = YES;
				CLANG_WARN_OBJC_LITERAL_CONVERSION = YES;
				CLANG_WARN_OBJC_ROOT_CLASS = YES_ERROR;
				CLANG_WARN_QUOTED_INCLUDE_IN_FRAMEWORK_HEADER = YES;
				CLANG_WARN_RANGE_LOOP_ANALYSIS = YES;
				CLANG_WARN_STRICT_PROTOTYPES = YES;
				CLANG_WARN_SUSPICIOUS_MOVE = YES;
				CLANG_WARN_UNGUARDED_AVAILABILITY = YES_AGGRESSIVE;
				CLANG_WARN_UNREACHABLE_CODE = YES;
				CLANG_WARN__DUPLICATE_METHOD_MATCH = YES;
				COPY_PHASE_STRIP = NO;
				DEBUG_INFORMATION_FORMAT = dwarf;
				ENABLE_STRICT_OBJC_MSGSEND = YES;
				ENABLE_TESTABILITY = YES;
				GCC_C_LANGUAGE_STANDARD = gnu11;
				GCC_DYNAMIC_NO_PIC = NO;
				GCC_NO_COMMON_BLOCKS = YES;
				GCC_OPTIMIZATION_LEVEL = 0;
				GCC_PREPROCESSOR_DEFINITIONS = (
					"DEBUG=1",
					"$(inherited)",
				);
				GCC_WARN_64_TO_32_BIT_CONVERSION = YES;
				GCC_WARN_ABOUT_RETURN_TYPE = YES_ERROR;
				GCC_WARN_UNDECLARED_SELECTOR = YES;
				GCC_WARN_UNINITIALIZED_AUTOS = YES_AGGRESSIVE;
				GCC_WARN_UNUSED_FUNCTION = YES;
				GCC_WARN_UNUSED_VARIABLE = YES;
				MTL_ENABLE_DEBUG_INFO = INCLUDE_SOURCE;
				MTL_FAST_MATH = YES;
				ONLY_ACTIVE_ARCH = YES;
				SWIFT_ACTIVE_COMPILATION_CONDITIONS = DEBUG;
				SWIFT_OPTIMIZATION_LEVEL = "-Onone";
			};
			name = Debug;
		};
		FF3A53DF2979A479002A11FC /* Release */ = {
			isa = XCBuildConfiguration;
			buildSettings = {
				ALWAYS_SEARCH_USER_PATHS = NO;
				CLANG_ANALYZER_NONNULL = YES;
				CLANG_ANALYZER_NUMBER_OBJECT_CONVERSION = YES_AGGRESSIVE;
				CLANG_CXX_LANGUAGE_STANDARD = "gnu++20";
				CLANG_ENABLE_MODULES = YES;
				CLANG_ENABLE_OBJC_ARC = YES;
				CLANG_ENABLE_OBJC_WEAK = YES;
				CLANG_WARN_BLOCK_CAPTURE_AUTORELEASING = YES;
				CLANG_WARN_BOOL_CONVERSION = YES;
				CLANG_WARN_COMMA = YES;
				CLANG_WARN_CONSTANT_CONVERSION = YES;
				CLANG_WARN_DEPRECATED_OBJC_IMPLEMENTATIONS = YES;
				CLANG_WARN_DIRECT_OBJC_ISA_USAGE = YES_ERROR;
				CLANG_WARN_DOCUMENTATION_COMMENTS = YES;
				CLANG_WARN_EMPTY_BODY = YES;
				CLANG_WARN_ENUM_CONVERSION = YES;
				CLANG_WARN_INFINITE_RECURSION = YES;
				CLANG_WARN_INT_CONVERSION = YES;
				CLANG_WARN_NON_LITERAL_NULL_CONVERSION = YES;
				CLANG_WARN_OBJC_IMPLICIT_RETAIN_SELF = YES;
				CLANG_WARN_OBJC_LITERAL_CONVERSION = YES;
				CLANG_WARN_OBJC_ROOT_CLASS = YES_ERROR;
				CLANG_WARN_QUOTED_INCLUDE_IN_FRAMEWORK_HEADER = YES;
				CLANG_WARN_RANGE_LOOP_ANALYSIS = YES;
				CLANG_WARN_STRICT_PROTOTYPES = YES;
				CLANG_WARN_SUSPICIOUS_MOVE = YES;
				CLANG_WARN_UNGUARDED_AVAILABILITY = YES_AGGRESSIVE;
				CLANG_WARN_UNREACHABLE_CODE = YES;
				CLANG_WARN__DUPLICATE_METHOD_MATCH = YES;
				COPY_PHASE_STRIP = NO;
				DEBUG_INFORMATION_FORMAT = "dwarf-with-dsym";
				ENABLE_NS_ASSERTIONS = NO;
				ENABLE_STRICT_OBJC_MSGSEND = YES;
				GCC_C_LANGUAGE_STANDARD = gnu11;
				GCC_NO_COMMON_BLOCKS = YES;
				GCC_WARN_64_TO_32_BIT_CONVERSION = YES;
				GCC_WARN_ABOUT_RETURN_TYPE = YES_ERROR;
				GCC_WARN_UNDECLARED_SELECTOR = YES;
				GCC_WARN_UNINITIALIZED_AUTOS = YES_AGGRESSIVE;
				GCC_WARN_UNUSED_FUNCTION = YES;
				GCC_WARN_UNUSED_VARIABLE = YES;
				MTL_ENABLE_DEBUG_INFO = NO;
				MTL_FAST_MATH = YES;
				SWIFT_COMPILATION_MODE = wholemodule;
				SWIFT_OPTIMIZATION_LEVEL = "-O";
			};
			name = Release;
		};
		FF3A53E12979A479002A11FC /* Debug */ = {
			isa = XCBuildConfiguration;
			buildSettings = {
				ASSETCATALOG_COMPILER_APPICON_NAME = AppIcon;
				ASSETCATALOG_COMPILER_GLOBAL_ACCENT_COLOR_NAME = AccentColor;
				CODE_SIGN_ENTITLEMENTS = SwiftUICleanArchitecture/SwiftUICleanArchitecture.entitlements;
				CODE_SIGN_STYLE = Automatic;
				CURRENT_PROJECT_VERSION = 1;
				DEVELOPMENT_ASSET_PATHS = "\"SwiftUICleanArchitecture/Preview Content\"";
				DEVELOPMENT_TEAM = 679U29FZ6S;
				ENABLE_HARDENED_RUNTIME = YES;
				ENABLE_PREVIEWS = YES;
				GENERATE_INFOPLIST_FILE = YES;
				"INFOPLIST_KEY_UIApplicationSceneManifest_Generation[sdk=iphoneos*]" = YES;
				"INFOPLIST_KEY_UIApplicationSceneManifest_Generation[sdk=iphonesimulator*]" = YES;
				"INFOPLIST_KEY_UIApplicationSupportsIndirectInputEvents[sdk=iphoneos*]" = YES;
				"INFOPLIST_KEY_UIApplicationSupportsIndirectInputEvents[sdk=iphonesimulator*]" = YES;
				"INFOPLIST_KEY_UILaunchScreen_Generation[sdk=iphoneos*]" = YES;
				"INFOPLIST_KEY_UILaunchScreen_Generation[sdk=iphonesimulator*]" = YES;
				"INFOPLIST_KEY_UIStatusBarStyle[sdk=iphoneos*]" = UIStatusBarStyleDefault;
				"INFOPLIST_KEY_UIStatusBarStyle[sdk=iphonesimulator*]" = UIStatusBarStyleDefault;
				INFOPLIST_KEY_UISupportedInterfaceOrientations_iPad = "UIInterfaceOrientationPortrait UIInterfaceOrientationPortraitUpsideDown UIInterfaceOrientationLandscapeLeft UIInterfaceOrientationLandscapeRight";
				INFOPLIST_KEY_UISupportedInterfaceOrientations_iPhone = "UIInterfaceOrientationPortrait UIInterfaceOrientationLandscapeLeft UIInterfaceOrientationLandscapeRight";
				IPHONEOS_DEPLOYMENT_TARGET = 16.0;
				LD_RUNPATH_SEARCH_PATHS = "@executable_path/Frameworks";
				"LD_RUNPATH_SEARCH_PATHS[sdk=macosx*]" = "@executable_path/../Frameworks";
				MACOSX_DEPLOYMENT_TARGET = 12.3;
				MARKETING_VERSION = 1.0;
				PRODUCT_BUNDLE_IDENTIFIER = com.saenuruki.SwiftUICleanArchitecture;
				PRODUCT_NAME = "$(TARGET_NAME)";
				SDKROOT = auto;
				SUPPORTED_PLATFORMS = "iphoneos iphonesimulator macosx";
				SWIFT_EMIT_LOC_STRINGS = YES;
				SWIFT_VERSION = 5.0;
				TARGETED_DEVICE_FAMILY = "1,2";
			};
			name = Debug;
		};
		FF3A53E22979A479002A11FC /* Release */ = {
			isa = XCBuildConfiguration;
			buildSettings = {
				ASSETCATALOG_COMPILER_APPICON_NAME = AppIcon;
				ASSETCATALOG_COMPILER_GLOBAL_ACCENT_COLOR_NAME = AccentColor;
				CODE_SIGN_ENTITLEMENTS = SwiftUICleanArchitecture/SwiftUICleanArchitecture.entitlements;
				CODE_SIGN_STYLE = Automatic;
				CURRENT_PROJECT_VERSION = 1;
				DEVELOPMENT_ASSET_PATHS = "\"SwiftUICleanArchitecture/Preview Content\"";
				DEVELOPMENT_TEAM = 679U29FZ6S;
				ENABLE_HARDENED_RUNTIME = YES;
				ENABLE_PREVIEWS = YES;
				GENERATE_INFOPLIST_FILE = YES;
				"INFOPLIST_KEY_UIApplicationSceneManifest_Generation[sdk=iphoneos*]" = YES;
				"INFOPLIST_KEY_UIApplicationSceneManifest_Generation[sdk=iphonesimulator*]" = YES;
				"INFOPLIST_KEY_UIApplicationSupportsIndirectInputEvents[sdk=iphoneos*]" = YES;
				"INFOPLIST_KEY_UIApplicationSupportsIndirectInputEvents[sdk=iphonesimulator*]" = YES;
				"INFOPLIST_KEY_UILaunchScreen_Generation[sdk=iphoneos*]" = YES;
				"INFOPLIST_KEY_UILaunchScreen_Generation[sdk=iphonesimulator*]" = YES;
				"INFOPLIST_KEY_UIStatusBarStyle[sdk=iphoneos*]" = UIStatusBarStyleDefault;
				"INFOPLIST_KEY_UIStatusBarStyle[sdk=iphonesimulator*]" = UIStatusBarStyleDefault;
				INFOPLIST_KEY_UISupportedInterfaceOrientations_iPad = "UIInterfaceOrientationPortrait UIInterfaceOrientationPortraitUpsideDown UIInterfaceOrientationLandscapeLeft UIInterfaceOrientationLandscapeRight";
				INFOPLIST_KEY_UISupportedInterfaceOrientations_iPhone = "UIInterfaceOrientationPortrait UIInterfaceOrientationLandscapeLeft UIInterfaceOrientationLandscapeRight";
				IPHONEOS_DEPLOYMENT_TARGET = 16.0;
				LD_RUNPATH_SEARCH_PATHS = "@executable_path/Frameworks";
				"LD_RUNPATH_SEARCH_PATHS[sdk=macosx*]" = "@executable_path/../Frameworks";
				MACOSX_DEPLOYMENT_TARGET = 12.3;
				MARKETING_VERSION = 1.0;
				PRODUCT_BUNDLE_IDENTIFIER = com.saenuruki.SwiftUICleanArchitecture;
				PRODUCT_NAME = "$(TARGET_NAME)";
				SDKROOT = auto;
				SUPPORTED_PLATFORMS = "iphoneos iphonesimulator macosx";
				SWIFT_EMIT_LOC_STRINGS = YES;
				SWIFT_VERSION = 5.0;
				TARGETED_DEVICE_FAMILY = "1,2";
			};
			name = Release;
		};
		FF3A53E42979A479002A11FC /* Debug */ = {
			isa = XCBuildConfiguration;
			buildSettings = {
				ALWAYS_EMBED_SWIFT_STANDARD_LIBRARIES = YES;
				BUNDLE_LOADER = "$(TEST_HOST)";
				CODE_SIGN_STYLE = Automatic;
				CURRENT_PROJECT_VERSION = 1;
				DEVELOPMENT_TEAM = 679U29FZ6S;
				GENERATE_INFOPLIST_FILE = YES;
				IPHONEOS_DEPLOYMENT_TARGET = 16.0;
				MACOSX_DEPLOYMENT_TARGET = 12.3;
				MARKETING_VERSION = 1.0;
				PRODUCT_BUNDLE_IDENTIFIER = com.saenuruki.SwiftUICleanArchitectureTests;
				PRODUCT_NAME = "$(TARGET_NAME)";
				SDKROOT = auto;
				SUPPORTED_PLATFORMS = "iphoneos iphonesimulator macosx";
				SWIFT_EMIT_LOC_STRINGS = NO;
				SWIFT_VERSION = 5.0;
				TARGETED_DEVICE_FAMILY = "1,2";
				TEST_HOST = "$(BUILT_PRODUCTS_DIR)/SwiftUICleanArchitecture.app/$(BUNDLE_EXECUTABLE_FOLDER_PATH)/SwiftUICleanArchitecture";
			};
			name = Debug;
		};
		FF3A53E52979A479002A11FC /* Release */ = {
			isa = XCBuildConfiguration;
			buildSettings = {
				ALWAYS_EMBED_SWIFT_STANDARD_LIBRARIES = YES;
				BUNDLE_LOADER = "$(TEST_HOST)";
				CODE_SIGN_STYLE = Automatic;
				CURRENT_PROJECT_VERSION = 1;
				DEVELOPMENT_TEAM = 679U29FZ6S;
				GENERATE_INFOPLIST_FILE = YES;
				IPHONEOS_DEPLOYMENT_TARGET = 16.0;
				MACOSX_DEPLOYMENT_TARGET = 12.3;
				MARKETING_VERSION = 1.0;
				PRODUCT_BUNDLE_IDENTIFIER = com.saenuruki.SwiftUICleanArchitectureTests;
				PRODUCT_NAME = "$(TARGET_NAME)";
				SDKROOT = auto;
				SUPPORTED_PLATFORMS = "iphoneos iphonesimulator macosx";
				SWIFT_EMIT_LOC_STRINGS = NO;
				SWIFT_VERSION = 5.0;
				TARGETED_DEVICE_FAMILY = "1,2";
				TEST_HOST = "$(BUILT_PRODUCTS_DIR)/SwiftUICleanArchitecture.app/$(BUNDLE_EXECUTABLE_FOLDER_PATH)/SwiftUICleanArchitecture";
			};
			name = Release;
		};
		FF3A53E72979A479002A11FC /* Debug */ = {
			isa = XCBuildConfiguration;
			buildSettings = {
				ALWAYS_EMBED_SWIFT_STANDARD_LIBRARIES = YES;
				CODE_SIGN_STYLE = Automatic;
				CURRENT_PROJECT_VERSION = 1;
				DEVELOPMENT_TEAM = 679U29FZ6S;
				GENERATE_INFOPLIST_FILE = YES;
				IPHONEOS_DEPLOYMENT_TARGET = 16.0;
				MACOSX_DEPLOYMENT_TARGET = 12.3;
				MARKETING_VERSION = 1.0;
				PRODUCT_BUNDLE_IDENTIFIER = com.saenuruki.SwiftUICleanArchitectureUITests;
				PRODUCT_NAME = "$(TARGET_NAME)";
				SDKROOT = auto;
				SUPPORTED_PLATFORMS = "iphoneos iphonesimulator macosx";
				SWIFT_EMIT_LOC_STRINGS = NO;
				SWIFT_VERSION = 5.0;
				TARGETED_DEVICE_FAMILY = "1,2";
				TEST_TARGET_NAME = SwiftUICleanArchitecture;
			};
			name = Debug;
		};
		FF3A53E82979A479002A11FC /* Release */ = {
			isa = XCBuildConfiguration;
			buildSettings = {
				ALWAYS_EMBED_SWIFT_STANDARD_LIBRARIES = YES;
				CODE_SIGN_STYLE = Automatic;
				CURRENT_PROJECT_VERSION = 1;
				DEVELOPMENT_TEAM = 679U29FZ6S;
				GENERATE_INFOPLIST_FILE = YES;
				IPHONEOS_DEPLOYMENT_TARGET = 16.0;
				MACOSX_DEPLOYMENT_TARGET = 12.3;
				MARKETING_VERSION = 1.0;
				PRODUCT_BUNDLE_IDENTIFIER = com.saenuruki.SwiftUICleanArchitectureUITests;
				PRODUCT_NAME = "$(TARGET_NAME)";
				SDKROOT = auto;
				SUPPORTED_PLATFORMS = "iphoneos iphonesimulator macosx";
				SWIFT_EMIT_LOC_STRINGS = NO;
				SWIFT_VERSION = 5.0;
				TARGETED_DEVICE_FAMILY = "1,2";
				TEST_TARGET_NAME = SwiftUICleanArchitecture;
			};
			name = Release;
		};
/* End XCBuildConfiguration section */

/* Begin XCConfigurationList section */
		FF3A53B62979A477002A11FC /* Build configuration list for PBXProject "SwiftUICleanArchitecture" */ = {
			isa = XCConfigurationList;
			buildConfigurations = (
				FF3A53DE2979A479002A11FC /* Debug */,
				FF3A53DF2979A479002A11FC /* Release */,
			);
			defaultConfigurationIsVisible = 0;
			defaultConfigurationName = Release;
		};
		FF3A53E02979A479002A11FC /* Build configuration list for PBXNativeTarget "SwiftUICleanArchitecture" */ = {
			isa = XCConfigurationList;
			buildConfigurations = (
				FF3A53E12979A479002A11FC /* Debug */,
				FF3A53E22979A479002A11FC /* Release */,
			);
			defaultConfigurationIsVisible = 0;
			defaultConfigurationName = Release;
		};
		FF3A53E32979A479002A11FC /* Build configuration list for PBXNativeTarget "SwiftUICleanArchitectureTests" */ = {
			isa = XCConfigurationList;
			buildConfigurations = (
				FF3A53E42979A479002A11FC /* Debug */,
				FF3A53E52979A479002A11FC /* Release */,
			);
			defaultConfigurationIsVisible = 0;
			defaultConfigurationName = Release;
		};
		FF3A53E62979A479002A11FC /* Build configuration list for PBXNativeTarget "SwiftUICleanArchitectureUITests" */ = {
			isa = XCConfigurationList;
			buildConfigurations = (
				FF3A53E72979A479002A11FC /* Debug */,
				FF3A53E82979A479002A11FC /* Release */,
			);
			defaultConfigurationIsVisible = 0;
			defaultConfigurationName = Release;
		};
/* End XCConfigurationList section */
	};
	rootObject = FF3A53B32979A477002A11FC /* Project object */;
}
